PODS:
  - appboxo_sdk (0.0.1):
    - AppBoxoSDK (= 1.3.27)
    - Flutter
  - AppBoxoSDK (1.3.27)
  - Flutter (1.0.0)

DEPENDENCIES:
  - appboxo_sdk (from `.symlinks/plugins/appboxo_sdk/ios`)
  - Flutter (from `Flutter`)

SPEC REPOS:
  trunk:
    - AppBoxoSDK

EXTERNAL SOURCES:
  appboxo_sdk:
    :path: ".symlinks/plugins/appboxo_sdk/ios"
  Flutter:
    :path: Flutter

SPEC CHECKSUMS:
  appboxo_sdk: f54963d5c4908ae0e8aac4abff5315559af45944
  AppBoxoSDK: d55b480713038b798ccdfdf8776848111d8a2fea
  Flutter: 0e3d915762c693b495b44d77113d4970485de6ec

PODFILE CHECKSUM: af6b891fb448119e2e3d0a226fcad7567aa13204

COCOAPODS: 1.9.3
