PODS:
  - appboxo_sdk (0.0.1):
    - AppBoxoSDK (= 1.5.8)
    - Flutter
  - AppBoxoSDK (1.5.8)
  - Flutter (1.0.0)

DEPENDENCIES:
  - appboxo_sdk (from `.symlinks/plugins/appboxo_sdk/ios`)
  - Flutter (from `Flutter`)

SPEC REPOS:
  trunk:
    - AppBoxoSDK

EXTERNAL SOURCES:
  appboxo_sdk:
    :path: ".symlinks/plugins/appboxo_sdk/ios"
  Flutter:
    :path: Flutter

SPEC CHECKSUMS:
  appboxo_sdk: ef4d556b4d55a92b8512b778c5e0be7b40491d3f
  AppBoxoSDK: 26aaaddb474b3127653da8e0d7a95e94ed2a2805
  Flutter: e0871f40cf51350855a761d2e70bf5af5b9b5de7

PODFILE CHECKSUM: cc1f88378b4bfcf93a6ce00d2c587857c6008d3b

COCOAPODS: 1.13.0
